// !$*UTF8*$!
{
	archiveVersion = 1;
	classes = {
	};
	objectVersion = 46;
	objects = {

/* Begin PBXBuildFile section */
		9149F8721B90E6B400592697 /* AppDelegate.swift in Sources */ = {isa = PBXBuildFile; fileRef = 9149F8711B90E6B400592697 /* AppDelegate.swift */; };
		9149F8741B90E6B400592697 /* ViewController.swift in Sources */ = {isa = PBXBuildFile; fileRef = 9149F8731B90E6B400592697 /* ViewController.swift */; };
		9149F8771B90E6B400592697 /* Main.storyboard in Resources */ = {isa = PBXBuildFile; fileRef = 9149F8751B90E6B400592697 /* Main.storyboard */; };
		9149F8791B90E6B400592697 /* Images.xcassets in Resources */ = {isa = PBXBuildFile; fileRef = 9149F8781B90E6B400592697 /* Images.xcassets */; };
		9149F87C1B90E6B400592697 /* LaunchScreen.xib in Resources */ = {isa = PBXBuildFile; fileRef = 9149F87A1B90E6B400592697 /* LaunchScreen.xib */; };
		9149F8881B90E6B400592697 /* SudokuTests.swift in Sources */ = {isa = PBXBuildFile; fileRef = 9149F8871B90E6B400592697 /* SudokuTests.swift */; };
/* End PBXBuildFile section */

/* Begin PBXContainerItemProxy section */
		9149F8821B90E6B400592697 /* PBXContainerItemProxy */ = {
			isa = PBXContainerItemProxy;
			containerPortal = 9149F8641B90E6B400592697 /* Project object */;
			proxyType = 1;
			remoteGlobalIDString = 9149F86B1B90E6B400592697;
			remoteInfo = Sudoku;
		};
/* End PBXContainerItemProxy section */

/* Begin PBXFileReference section */
		9149F86C1B90E6B400592697 /* Sudoku.app */ = {isa = PBXFileReference; explicitFileType = wrapper.application; includeInIndex = 0; path = Sudoku.app; sourceTree = BUILT_PRODUCTS_DIR; };
		9149F8701B90E6B400592697 /* Info.plist */ = {isa = PBXFileReference; lastKnownFileType = text.plist.xml; path = Info.plist; sourceTree = "<group>"; };
		9149F8711B90E6B400592697 /* AppDelegate.swift */ = {isa = PBXFileReference; lastKnownFileType = sourcecode.swift; path = AppDelegate.swift; sourceTree = "<group>"; };
		9149F8731B90E6B400592697 /* ViewController.swift */ = {isa = PBXFileReference; lastKnownFileType = sourcecode.swift; path = ViewController.swift; sourceTree = "<group>"; };
		9149F8761B90E6B400592697 /* Base */ = {isa = PBXFileReference; lastKnownFileType = file.storyboard; name = Base; path = Base.lproj/Main.storyboard; sourceTree = "<group>"; };
		9149F8781B90E6B400592697 /* Images.xcassets */ = {isa = PBXFileReference; lastKnownFileType = folder.assetcatalog; path = Images.xcassets; sourceTree = "<group>"; };
		9149F87B1B90E6B400592697 /* Base */ = {isa = PBXFileReference; lastKnownFileType = file.xib; name = Base; path = Base.lproj/LaunchScreen.xib; sourceTree = "<group>"; };
		9149F8811B90E6B400592697 /* SudokuTests.xctest */ = {isa = PBXFileReference; explicitFileType = wrapper.cfbundle; includeInIndex = 0; path = SudokuTests.xctest; sourceTree = BUILT_PRODUCTS_DIR; };
		9149F8861B90E6B400592697 /* Info.plist */ = {isa = PBXFileReference; lastKnownFileType = text.plist.xml; path = Info.plist; sourceTree = "<group>"; };
		9149F8871B90E6B400592697 /* SudokuTests.swift */ = {isa = PBXFileReference; lastKnownFileType = sourcecode.swift; path = SudokuTests.swift; sourceTree = "<group>"; };
/* End PBXFileReference section */

/* Begin PBXFrameworksBuildPhase section */
		9149F8691B90E6B400592697 /* Frameworks */ = {
			isa = PBXFrameworksBuildPhase;
			buildActionMask = 2147483647;
			files = (
			);
			runOnlyForDeploymentPostprocessing = 0;
		};
		9149F87E1B90E6B400592697 /* Frameworks */ = {
			isa = PBXFrameworksBuildPhase;
			buildActionMask = 2147483647;
			files = (
			);
			runOnlyForDeploymentPostprocessing = 0;
		};
/* End PBXFrameworksBuildPhase section */

/* Begin PBXGroup section */
		9149F8631B90E6B400592697 = {
			isa = PBXGroup;
			children = (
				9149F86E1B90E6B400592697 /* Sudoku */,
				9149F8841B90E6B400592697 /* SudokuTests */,
				9149F86D1B90E6B400592697 /* Products */,
			);
			sourceTree = "<group>";
		};
		9149F86D1B90E6B400592697 /* Products */ = {
			isa = PBXGroup;
			children = (
				9149F86C1B90E6B400592697 /* Sudoku.app */,
				9149F8811B90E6B400592697 /* SudokuTests.xctest */,
			);
			name = Products;
			sourceTree = "<group>";
		};
		9149F86E1B90E6B400592697 /* Sudoku */ = {
			isa = PBXGroup;
			children = (
				9149F8711B90E6B400592697 /* AppDelegate.swift */,
				9149F8731B90E6B400592697 /* ViewController.swift */,
				9149F8751B90E6B400592697 /* Main.storyboard */,
				9149F8781B90E6B400592697 /* Images.xcassets */,
				9149F87A1B90E6B400592697 /* LaunchScreen.xib */,
				9149F86F1B90E6B400592697 /* Supporting Files */,
			);
			path = Sudoku;
			sourceTree = "<group>";
		};
		9149F86F1B90E6B400592697 /* Supporting Files */ = {
			isa = PBXGroup;
			children = (
				9149F8701B90E6B400592697 /* Info.plist */,
			);
			name = "Supporting Files";
			sourceTree = "<group>";
		};
		9149F8841B90E6B400592697 /* SudokuTests */ = {
			isa = PBXGroup;
			children = (
				9149F8871B90E6B400592697 /* SudokuTests.swift */,
				9149F8851B90E6B400592697 /* Supporting Files */,
			);
			path = SudokuTests;
			sourceTree = "<group>";
		};
		9149F8851B90E6B400592697 /* Supporting Files */ = {
			isa = PBXGroup;
			children = (
				9149F8861B90E6B400592697 /* Info.plist */,
			);
			name = "Supporting Files";
			sourceTree = "<group>";
		};
/* End PBXGroup section */

/* Begin PBXNativeTarget section */
		9149F86B1B90E6B400592697 /* Sudoku */ = {
			isa = PBXNativeTarget;
			buildConfigurationList = 9149F88B1B90E6B400592697 /* Build configuration list for PBXNativeTarget "Sudoku" */;
			buildPhases = (
				9149F8681B90E6B400592697 /* Sources */,
				9149F8691B90E6B400592697 /* Frameworks */,
				9149F86A1B90E6B400592697 /* Resources */,
			);
			buildRules = (
			);
			dependencies = (
			);
			name = Sudoku;
			productName = Sudoku;
			productReference = 9149F86C1B90E6B400592697 /* Sudoku.app */;
			productType = "com.apple.product-type.application";
		};
		9149F8801B90E6B400592697 /* SudokuTests */ = {
			isa = PBXNativeTarget;
			buildConfigurationList = 9149F88E1B90E6B400592697 /* Build configuration list for PBXNativeTarget "SudokuTests" */;
			buildPhases = (
				9149F87D1B90E6B400592697 /* Sources */,
				9149F87E1B90E6B400592697 /* Frameworks */,
				9149F87F1B90E6B400592697 /* Resources */,
			);
			buildRules = (
			);
			dependencies = (
				9149F8831B90E6B400592697 /* PBXTargetDependency */,
			);
			name = SudokuTests;
			productName = SudokuTests;
			productReference = 9149F8811B90E6B400592697 /* SudokuTests.xctest */;
			productType = "com.apple.product-type.bundle.unit-test";
		};
/* End PBXNativeTarget section */

/* Begin PBXProject section */
		9149F8641B90E6B400592697 /* Project object */ = {
			isa = PBXProject;
			attributes = {
				LastUpgradeCheck = 0640;
				ORGANIZATIONNAME = "Olof Moriya";
				TargetAttributes = {
					9149F86B1B90E6B400592697 = {
						CreatedOnToolsVersion = 6.4;
					};
					9149F8801B90E6B400592697 = {
						CreatedOnToolsVersion = 6.4;
						TestTargetID = 9149F86B1B90E6B400592697;
					};
				};
			};
			buildConfigurationList = 9149F8671B90E6B400592697 /* Build configuration list for PBXProject "Sudoku" */;
			compatibilityVersion = "Xcode 3.2";
			developmentRegion = English;
			hasScannedForEncodings = 0;
			knownRegions = (
				en,
				Base,
			);
			mainGroup = 9149F8631B90E6B400592697;
			productRefGroup = 9149F86D1B90E6B400592697 /* Products */;
			projectDirPath = "";
			projectRoot = "";
			targets = (
				9149F86B1B90E6B400592697 /* Sudoku */,
				9149F8801B90E6B400592697 /* SudokuTests */,
			);
		};
/* End PBXProject section */

/* Begin PBXResourcesBuildPhase section */
		9149F86A1B90E6B400592697 /* Resources */ = {
			isa = PBXResourcesBuildPhase;
			buildActionMask = 2147483647;
			files = (
				9149F8771B90E6B400592697 /* Main.storyboard in Resources */,
				9149F87C1B90E6B400592697 /* LaunchScreen.xib in Resources */,
				9149F8791B90E6B400592697 /* Images.xcassets in Resources */,
			);
			runOnlyForDeploymentPostprocessing = 0;
		};
		9149F87F1B90E6B400592697 /* Resources */ = {
			isa = PBXResourcesBuildPhase;
			buildActionMask = 2147483647;
			files = (
			);
			runOnlyForDeploymentPostprocessing = 0;
		};
/* End PBXResourcesBuildPhase section */

/* Begin PBXSourcesBuildPhase section */
		9149F8681B90E6B400592697 /* Sources */ = {
			isa = PBXSourcesBuildPhase;
			buildActionMask = 2147483647;
			files = (
				9149F8741B90E6B400592697 /* ViewController.swift in Sources */,
				9149F8721B90E6B400592697 /* AppDelegate.swift in Sources */,
			);
			runOnlyForDeploymentPostprocessing = 0;
		};
		9149F87D1B90E6B400592697 /* Sources */ = {
			isa = PBXSourcesBuildPhase;
			buildActionMask = 2147483647;
			files = (
				9149F8881B90E6B400592697 /* SudokuTests.swift in Sources */,
			);
			runOnlyForDeploymentPostprocessing = 0;
		};
/* End PBXSourcesBuildPhase section */

/* Begin PBXTargetDependency section */
		9149F8831B90E6B400592697 /* PBXTargetDependency */ = {
			isa = PBXTargetDependency;
			target = 9149F86B1B90E6B400592697 /* Sudoku */;
			targetProxy = 9149F8821B90E6B400592697 /* PBXContainerItemProxy */;
		};
/* End PBXTargetDependency section */

/* Begin PBXVariantGroup section */
		9149F8751B90E6B400592697 /* Main.storyboard */ = {
			isa = PBXVariantGroup;
			children = (
				9149F8761B90E6B400592697 /* Base */,
			);
			name = Main.storyboard;
			sourceTree = "<group>";
		};
		9149F87A1B90E6B400592697 /* LaunchScreen.xib */ = {
			isa = PBXVariantGroup;
			children = (
				9149F87B1B90E6B400592697 /* Base */,
			);
			name = LaunchScreen.xib;
			sourceTree = "<group>";
		};
/* End PBXVariantGroup section */

/* Begin XCBuildConfiguration section */
		9149F8891B90E6B400592697 /* Debug */ = {
			isa = XCBuildConfiguration;
			buildSettings = {
				ALWAYS_SEARCH_USER_PATHS = NO;
				CLANG_CXX_LANGUAGE_STANDARD = "gnu++0x";
				CLANG_CXX_LIBRARY = "libc++";
				CLANG_ENABLE_MODULES = YES;
				CLANG_ENABLE_OBJC_ARC = YES;
				CLANG_WARN_BOOL_CONVERSION = YES;
				CLANG_WARN_CONSTANT_CONVERSION = YES;
				CLANG_WARN_DIRECT_OBJC_ISA_USAGE = YES_ERROR;
				CLANG_WARN_EMPTY_BODY = YES;
				CLANG_WARN_ENUM_CONVERSION = YES;
				CLANG_WARN_INT_CONVERSION = YES;
				CLANG_WARN_OBJC_ROOT_CLASS = YES_ERROR;
				CLANG_WARN_UNREACHABLE_CODE = YES;
				CLANG_WARN__DUPLICATE_METHOD_MATCH = YES;
				"CODE_SIGN_IDENTITY[sdk=iphoneos*]" = "iPhone Developer";
				COPY_PHASE_STRIP = NO;
				DEBUG_INFORMATION_FORMAT = "dwarf-with-dsym";
				ENABLE_STRICT_OBJC_MSGSEND = YES;
				GCC_C_LANGUAGE_STANDARD = gnu99;
				GCC_DYNAMIC_NO_PIC = NO;
				GCC_NO_COMMON_BLOCKS = YES;
				GCC_OPTIMIZATION_LEVEL = 0;
				GCC_PREPROCESSOR_DEFINITIONS = (
					"DEBUG=1",
					"$(inherited)",
				);
				GCC_SYMBOLS_PRIVATE_EXTERN = NO;
				GCC_WARN_64_TO_32_BIT_CONVERSION = YES;
				GCC_WARN_ABOUT_RETURN_TYPE = YES_ERROR;
				GCC_WARN_UNDECLARED_SELECTOR = YES;
				GCC_WARN_UNINITIALIZED_AUTOS = YES_AGGRESSIVE;
				GCC_WARN_UNUSED_FUNCTION = YES;
				GCC_WARN_UNUSED_VARIABLE = YES;
				IPHONEOS_DEPLOYMENT_TARGET = 8.4;
				MTL_ENABLE_DEBUG_INFO = YES;
				ONLY_ACTIVE_ARCH = YES;
				SDKROOT = iphoneos;
				SWIFT_OPTIMIZATION_LEVEL = "-Onone";
			};
			name = Debug;
		};
		9149F88A1B90E6B400592697 /* Release */ = {
			isa = XCBuildConfiguration;
			buildSettings = {
				ALWAYS_SEARCH_USER_PATHS = NO;
				CLANG_CXX_LANGUAGE_STANDARD = "gnu++0x";
				CLANG_CXX_LIBRARY = "libc++";
				CLANG_ENABLE_MODULES = YES;
				CLANG_ENABLE_OBJC_ARC = YES;
				CLANG_WARN_BOOL_CONVERSION = YES;
				CLANG_WARN_CONSTANT_CONVERSION = YES;
				CLANG_WARN_DIRECT_OBJC_ISA_USAGE = YES_ERROR;
				CLANG_WARN_EMPTY_BODY = YES;
				CLANG_WARN_ENUM_CONVERSION = YES;
				CLANG_WARN_INT_CONVERSION = YES;
				CLANG_WARN_OBJC_ROOT_CLASS = YES_ERROR;
				CLANG_WARN_UNREACHABLE_CODE = YES;
				CLANG_WARN__DUPLICATE_METHOD_MATCH = YES;
				"CODE_SIGN_IDENTITY[sdk=iphoneos*]" = "iPhone Developer";
				COPY_PHASE_STRIP = NO;
				DEBUG_INFORMATION_FORMAT = "dwarf-with-dsym";
				ENABLE_NS_ASSERTIONS = NO;
				ENABLE_STRICT_OBJC_MSGSEND = YES;
				GCC_C_LANGUAGE_STANDARD = gnu99;
				GCC_NO_COMMON_BLOCKS = YES;
				GCC_WARN_64_TO_32_BIT_CONVERSION = YES;
				GCC_WARN_ABOUT_RETURN_TYPE = YES_ERROR;
				GCC_WARN_UNDECLARED_SELECTOR = YES;
				GCC_WARN_UNINITIALIZED_AUTOS = YES_AGGRESSIVE;
				GCC_WARN_UNUSED_FUNCTION = YES;
				GCC_WARN_UNUSED_VARIABLE = YES;
				IPHONEOS_DEPLOYMENT_TARGET = 8.4;
				MTL_ENABLE_DEBUG_INFO = NO;
				SDKROOT = iphoneos;
				VALIDATE_PRODUCT = YES;
			};
			name = Release;
		};
		9149F88C1B90E6B400592697 /* Debug */ = {
			isa = XCBuildConfiguration;
			buildSettings = {
				ASSETCATALOG_COMPILER_APPICON_NAME = AppIcon;
				INFOPLIST_FILE = Sudoku/Info.plist;
				LD_RUNPATH_SEARCH_PATHS = "$(inherited) @executable_path/Frameworks";
				PRODUCT_NAME = "$(TARGET_NAME)";
			};
			name = Debug;
		};
		9149F88D1B90E6B400592697 /* Release */ = {
			isa = XCBuildConfiguration;
			buildSettings = {
				ASSETCATALOG_COMPILER_APPICON_NAME = AppIcon;
				INFOPLIST_FILE = Sudoku/Info.plist;
				LD_RUNPATH_SEARCH_PATHS = "$(inherited) @executable_path/Frameworks";
				PRODUCT_NAME = "$(TARGET_NAME)";
			};
			name = Release;
		};
		9149F88F1B90E6B400592697 /* Debug */ = {
			isa = XCBuildConfiguration;
			buildSettings = {
				BUNDLE_LOADER = "$(TEST_HOST)";
				FRAMEWORK_SEARCH_PATHS = (
					"$(SDKROOT)/Developer/Library/Frameworks",
					"$(inherited)",
				);
				GCC_PREPROCESSOR_DEFINITIONS = (
					"DEBUG=1",
					"$(inherited)",
				);
				INFOPLIST_FILE = SudokuTests/Info.plist;
				LD_RUNPATH_SEARCH_PATHS = "$(inherited) @executable_path/Frameworks @loader_path/Frameworks";
				PRODUCT_NAME = "$(TARGET_NAME)";
				TEST_HOST = "$(BUILT_PRODUCTS_DIR)/Sudoku.app/Sudoku";
			};
			name = Debug;
		};
		9149F8901B90E6B400592697 /* Release */ = {
			isa = XCBuildConfiguration;
			buildSettings = {
				BUNDLE_LOADER = "$(TEST_HOST)";
				FRAMEWORK_SEARCH_PATHS = (
					"$(SDKROOT)/Developer/Library/Frameworks",
					"$(inherited)",
				);
				INFOPLIST_FILE = SudokuTests/Info.plist;
				LD_RUNPATH_SEARCH_PATHS = "$(inherited) @executable_path/Frameworks @loader_path/Frameworks";
				PRODUCT_NAME = "$(TARGET_NAME)";
				TEST_HOST = "$(BUILT_PRODUCTS_DIR)/Sudoku.app/Sudoku";
			};
			name = Release;
		};
/* End XCBuildConfiguration section */

/* Begin XCConfigurationList section */
		9149F8671B90E6B400592697 /* Build configuration list for PBXProject "Sudoku" */ = {
			isa = XCConfigurationList;
			buildConfigurations = (
				9149F8891B90E6B400592697 /* Debug */,
				9149F88A1B90E6B400592697 /* Release */,
			);
			defaultConfigurationIsVisible = 0;
			defaultConfigurationName = Release;
		};
		9149F88B1B90E6B400592697 /* Build configuration list for PBXNativeTarget "Sudoku" */ = {
			isa = XCConfigurationList;
			buildConfigurations = (
				9149F88C1B90E6B400592697 /* Debug */,
				9149F88D1B90E6B400592697 /* Release */,
			);
			defaultConfigurationIsVisible = 0;
		};
		9149F88E1B90E6B400592697 /* Build configuration list for PBXNativeTarget "SudokuTests" */ = {
			isa = XCConfigurationList;
			buildConfigurations = (
				9149F88F1B90E6B400592697 /* Debug */,
				9149F8901B90E6B400592697 /* Release */,
			);
			defaultConfigurationIsVisible = 0;
		};
/* End XCConfigurationList section */
	};
	rootObject = 9149F8641B90E6B400592697 /* Project object */;
}
